// !$*UTF8*$!
{
	archiveVersion = 1;
	classes = {
	};
	objectVersion = 50;
	objects = {

/* Begin PBXBuildFile section */
		FFBECA6B23F79B020099DF10 /* AppDelegate.swift in Sources */ = {isa = PBXBuildFile; fileRef = FFBECA6A23F79B020099DF10 /* AppDelegate.swift */; };
		FFBECA6D23F79B020099DF10 /* ViewController.swift in Sources */ = {isa = PBXBuildFile; fileRef = FFBECA6C23F79B020099DF10 /* ViewController.swift */; };
		FFBECA7023F79B020099DF10 /* Main.storyboard in Resources */ = {isa = PBXBuildFile; fileRef = FFBECA6E23F79B020099DF10 /* Main.storyboard */; };
		FFBECA7323F79B020099DF10 /* Bitcoin_Price_Tracker.xcdatamodeld in Sources */ = {isa = PBXBuildFile; fileRef = FFBECA7123F79B020099DF10 /* Bitcoin_Price_Tracker.xcdatamodeld */; };
		FFBECA7523F79B040099DF10 /* Assets.xcassets in Resources */ = {isa = PBXBuildFile; fileRef = FFBECA7423F79B040099DF10 /* Assets.xcassets */; };
		FFBECA7823F79B040099DF10 /* LaunchScreen.storyboard in Resources */ = {isa = PBXBuildFile; fileRef = FFBECA7623F79B040099DF10 /* LaunchScreen.storyboard */; };
/* End PBXBuildFile section */

/* Begin PBXFileReference section */
		FFBECA6723F79B020099DF10 /* Bitcoin Price Tracker.app */ = {isa = PBXFileReference; explicitFileType = wrapper.application; includeInIndex = 0; path = "Bitcoin Price Tracker.app"; sourceTree = BUILT_PRODUCTS_DIR; };
		FFBECA6A23F79B020099DF10 /* AppDelegate.swift */ = {isa = PBXFileReference; lastKnownFileType = sourcecode.swift; path = AppDelegate.swift; sourceTree = "<group>"; };
		FFBECA6C23F79B020099DF10 /* ViewController.swift */ = {isa = PBXFileReference; lastKnownFileType = sourcecode.swift; path = ViewController.swift; sourceTree = "<group>"; };
		FFBECA6F23F79B020099DF10 /* Base */ = {isa = PBXFileReference; lastKnownFileType = file.storyboard; name = Base; path = Base.lproj/Main.storyboard; sourceTree = "<group>"; };
		FFBECA7223F79B020099DF10 /* Bitcoin_Price_Tracker.xcdatamodel */ = {isa = PBXFileReference; lastKnownFileType = wrapper.xcdatamodel; path = Bitcoin_Price_Tracker.xcdatamodel; sourceTree = "<group>"; };
		FFBECA7423F79B040099DF10 /* Assets.xcassets */ = {isa = PBXFileReference; lastKnownFileType = folder.assetcatalog; path = Assets.xcassets; sourceTree = "<group>"; };
		FFBECA7723F79B040099DF10 /* Base */ = {isa = PBXFileReference; lastKnownFileType = file.storyboard; name = Base; path = Base.lproj/LaunchScreen.storyboard; sourceTree = "<group>"; };
		FFBECA7923F79B040099DF10 /* Info.plist */ = {isa = PBXFileReference; lastKnownFileType = text.plist.xml; path = Info.plist; sourceTree = "<group>"; };
/* End PBXFileReference section */

/* Begin PBXFrameworksBuildPhase section */
		FFBECA6423F79B020099DF10 /* Frameworks */ = {
			isa = PBXFrameworksBuildPhase;
			buildActionMask = 2147483647;
			files = (
			);
			runOnlyForDeploymentPostprocessing = 0;
		};
/* End PBXFrameworksBuildPhase section */

/* Begin PBXGroup section */
		FFBECA5E23F79B020099DF10 = {
			isa = PBXGroup;
			children = (
				FFBECA6923F79B020099DF10 /* Bitcoin Price Tracker */,
				FFBECA6823F79B020099DF10 /* Products */,
			);
			sourceTree = "<group>";
		};
		FFBECA6823F79B020099DF10 /* Products */ = {
			isa = PBXGroup;
			children = (
				FFBECA6723F79B020099DF10 /* Bitcoin Price Tracker.app */,
			);
			name = Products;
			sourceTree = "<group>";
		};
		FFBECA6923F79B020099DF10 /* Bitcoin Price Tracker */ = {
			isa = PBXGroup;
			children = (
				FFBECA6A23F79B020099DF10 /* AppDelegate.swift */,
				FFBECA6C23F79B020099DF10 /* ViewController.swift */,
				FFBECA6E23F79B020099DF10 /* Main.storyboard */,
				FFBECA7423F79B040099DF10 /* Assets.xcassets */,
				FFBECA7623F79B040099DF10 /* LaunchScreen.storyboard */,
				FFBECA7923F79B040099DF10 /* Info.plist */,
				FFBECA7123F79B020099DF10 /* Bitcoin_Price_Tracker.xcdatamodeld */,
			);
			path = "Bitcoin Price Tracker";
			sourceTree = "<group>";
		};
/* End PBXGroup section */

/* Begin PBXNativeTarget section */
		FFBECA6623F79B020099DF10 /* Bitcoin Price Tracker */ = {
			isa = PBXNativeTarget;
			buildConfigurationList = FFBECA7C23F79B040099DF10 /* Build configuration list for PBXNativeTarget "Bitcoin Price Tracker" */;
			buildPhases = (
				FFBECA6323F79B020099DF10 /* Sources */,
				FFBECA6423F79B020099DF10 /* Frameworks */,
				FFBECA6523F79B020099DF10 /* Resources */,
			);
			buildRules = (
			);
			dependencies = (
			);
			name = "Bitcoin Price Tracker";
			productName = "Bitcoin Price Tracker";
			productReference = FFBECA6723F79B020099DF10 /* Bitcoin Price Tracker.app */;
			productType = "com.apple.product-type.application";
		};
/* End PBXNativeTarget section */

/* Begin PBXProject section */
		FFBECA5F23F79B020099DF10 /* Project object */ = {
			isa = PBXProject;
			attributes = {
				LastSwiftUpdateCheck = 1010;
				LastUpgradeCheck = 1010;
				ORGANIZATIONNAME = "Aileen Bull";
				TargetAttributes = {
					FFBECA6623F79B020099DF10 = {
						CreatedOnToolsVersion = 10.1;
					};
				};
			};
			buildConfigurationList = FFBECA6223F79B020099DF10 /* Build configuration list for PBXProject "Bitcoin Price Tracker" */;
			compatibilityVersion = "Xcode 9.3";
			developmentRegion = en;
			hasScannedForEncodings = 0;
			knownRegions = (
				en,
				Base,
			);
			mainGroup = FFBECA5E23F79B020099DF10;
			productRefGroup = FFBECA6823F79B020099DF10 /* Products */;
			projectDirPath = "";
			projectRoot = "";
			targets = (
				FFBECA6623F79B020099DF10 /* Bitcoin Price Tracker */,
			);
		};
/* End PBXProject section */

/* Begin PBXResourcesBuildPhase section */
		FFBECA6523F79B020099DF10 /* Resources */ = {
			isa = PBXResourcesBuildPhase;
			buildActionMask = 2147483647;
			files = (
				FFBECA7823F79B040099DF10 /* LaunchScreen.storyboard in Resources */,
				FFBECA7523F79B040099DF10 /* Assets.xcassets in Resources */,
				FFBECA7023F79B020099DF10 /* Main.storyboard in Resources */,
			);
			runOnlyForDeploymentPostprocessing = 0;
		};
/* End PBXResourcesBuildPhase section */

/* Begin PBXSourcesBuildPhase section */
		FFBECA6323F79B020099DF10 /* Sources */ = {
			isa = PBXSourcesBuildPhase;
			buildActionMask = 2147483647;
			files = (
				FFBECA7323F79B020099DF10 /* Bitcoin_Price_Tracker.xcdatamodeld in Sources */,
				FFBECA6D23F79B020099DF10 /* ViewController.swift in Sources */,
				FFBECA6B23F79B020099DF10 /* AppDelegate.swift in Sources */,
			);
			runOnlyForDeploymentPostprocessing = 0;
		};
/* End PBXSourcesBuildPhase section */

/* Begin PBXVariantGroup section */
		FFBECA6E23F79B020099DF10 /* Main.storyboard */ = {
			isa = PBXVariantGroup;
			children = (
				FFBECA6F23F79B020099DF10 /* Base */,
			);
			name = Main.storyboard;
			sourceTree = "<group>";
		};
		FFBECA7623F79B040099DF10 /* LaunchScreen.storyboard */ = {
			isa = PBXVariantGroup;
			children = (
				FFBECA7723F79B040099DF10 /* Base */,
			);
			name = LaunchScreen.storyboard;
			sourceTree = "<group>";
		};
/* End PBXVariantGroup section */

/* Begin XCBuildConfiguration section */
		FFBECA7A23F79B040099DF10 /* Debug */ = {
			isa = XCBuildConfiguration;
			buildSettings = {
				ALWAYS_SEARCH_USER_PATHS = NO;
				CLANG_ANALYZER_NONNULL = YES;
				CLANG_ANALYZER_NUMBER_OBJECT_CONVERSION = YES_AGGRESSIVE;
				CLANG_CXX_LANGUAGE_STANDARD = "gnu++14";
				CLANG_CXX_LIBRARY = "libc++";
				CLANG_ENABLE_MODULES = YES;
				CLANG_ENABLE_OBJC_ARC = YES;
				CLANG_ENABLE_OBJC_WEAK = YES;
				CLANG_WARN_BLOCK_CAPTURE_AUTORELEASING = YES;
				CLANG_WARN_BOOL_CONVERSION = YES;
				CLANG_WARN_COMMA = YES;
				CLANG_WARN_CONSTANT_CONVERSION = YES;
				CLANG_WARN_DEPRECATED_OBJC_IMPLEMENTATIONS = YES;
				CLANG_WARN_DIRECT_OBJC_ISA_USAGE = YES_ERROR;
				CLANG_WARN_DOCUMENTATION_COMMENTS = YES;
				CLANG_WARN_EMPTY_BODY = YES;
				CLANG_WARN_ENUM_CONVERSION = YES;
				CLANG_WARN_INFINITE_RECURSION = YES;
				CLANG_WARN_INT_CONVERSION = YES;
				CLANG_WARN_NON_LITERAL_NULL_CONVERSION = YES;
				CLANG_WARN_OBJC_IMPLICIT_RETAIN_SELF = YES;
				CLANG_WARN_OBJC_LITERAL_CONVERSION = YES;
				CLANG_WARN_OBJC_ROOT_CLASS = YES_ERROR;
				CLANG_WARN_RANGE_LOOP_ANALYSIS = YES;
				CLANG_WARN_STRICT_PROTOTYPES = YES;
				CLANG_WARN_SUSPICIOUS_MOVE = YES;
				CLANG_WARN_UNGUARDED_AVAILABILITY = YES_AGGRESSIVE;
				CLANG_WARN_UNREACHABLE_CODE = YES;
				CLANG_WARN__DUPLICATE_METHOD_MATCH = YES;
				CODE_SIGN_IDENTITY = "iPhone Developer";
				COPY_PHASE_STRIP = NO;
				DEBUG_INFORMATION_FORMAT = dwarf;
				ENABLE_STRICT_OBJC_MSGSEND = YES;
				ENABLE_TESTABILITY = YES;
				GCC_C_LANGUAGE_STANDARD = gnu11;
				GCC_DYNAMIC_NO_PIC = NO;
				GCC_NO_COMMON_BLOCKS = YES;
				GCC_OPTIMIZATION_LEVEL = 0;
				GCC_PREPROCESSOR_DEFINITIONS = (
					"DEBUG=1",
					"$(inherited)",
				);
				GCC_WARN_64_TO_32_BIT_CONVERSION = YES;
				GCC_WARN_ABOUT_RETURN_TYPE = YES_ERROR;
				GCC_WARN_UNDECLARED_SELECTOR = YES;
				GCC_WARN_UNINITIALIZED_AUTOS = YES_AGGRESSIVE;
				GCC_WARN_UNUSED_FUNCTION = YES;
				GCC_WARN_UNUSED_VARIABLE = YES;
				IPHONEOS_DEPLOYMENT_TARGET = 12.1;
				MTL_ENABLE_DEBUG_INFO = INCLUDE_SOURCE;
				MTL_FAST_MATH = YES;
				ONLY_ACTIVE_ARCH = YES;
				SDKROOT = iphoneos;
				SWIFT_ACTIVE_COMPILATION_CONDITIONS = DEBUG;
				SWIFT_OPTIMIZATION_LEVEL = "-Onone";
			};
			name = Debug;
		};
		FFBECA7B23F79B040099DF10 /* Release */ = {
			isa = XCBuildConfiguration;
			buildSettings = {
				ALWAYS_SEARCH_USER_PATHS = NO;
				CLANG_ANALYZER_NONNULL = YES;
				CLANG_ANALYZER_NUMBER_OBJECT_CONVERSION = YES_AGGRESSIVE;
				CLANG_CXX_LANGUAGE_STANDARD = "gnu++14";
				CLANG_CXX_LIBRARY = "libc++";
				CLANG_ENABLE_MODULES = YES;
				CLANG_ENABLE_OBJC_ARC = YES;
				CLANG_ENABLE_OBJC_WEAK = YES;
				CLANG_WARN_BLOCK_CAPTURE_AUTORELEASING = YES;
				CLANG_WARN_BOOL_CONVERSION = YES;
				CLANG_WARN_COMMA = YES;
				CLANG_WARN_CONSTANT_CONVERSION = YES;
				CLANG_WARN_DEPRECATED_OBJC_IMPLEMENTATIONS = YES;
				CLANG_WARN_DIRECT_OBJC_ISA_USAGE = YES_ERROR;
				CLANG_WARN_DOCUMENTATION_COMMENTS = YES;
				CLANG_WARN_EMPTY_BODY = YES;
				CLANG_WARN_ENUM_CONVERSION = YES;
				CLANG_WARN_INFINITE_RECURSION = YES;
				CLANG_WARN_INT_CONVERSION = YES;
				CLANG_WARN_NON_LITERAL_NULL_CONVERSION = YES;
				CLANG_WARN_OBJC_IMPLICIT_RETAIN_SELF = YES;
				CLANG_WARN_OBJC_LITERAL_CONVERSION = YES;
				CLANG_WARN_OBJC_ROOT_CLASS = YES_ERROR;
				CLANG_WARN_RANGE_LOOP_ANALYSIS = YES;
				CLANG_WARN_STRICT_PROTOTYPES = YES;
				CLANG_WARN_SUSPICIOUS_MOVE = YES;
				CLANG_WARN_UNGUARDED_AVAILABILITY = YES_AGGRESSIVE;
				CLANG_WARN_UNREACHABLE_CODE = YES;
				CLANG_WARN__DUPLICATE_METHOD_MATCH = YES;
				CODE_SIGN_IDENTITY = "iPhone Developer";
				COPY_PHASE_STRIP = NO;
				DEBUG_INFORMATION_FORMAT = "dwarf-with-dsym";
				ENABLE_NS_ASSERTIONS = NO;
				ENABLE_STRICT_OBJC_MSGSEND = YES;
				GCC_C_LANGUAGE_STANDARD = gnu11;
				GCC_NO_COMMON_BLOCKS = YES;
				GCC_WARN_64_TO_32_BIT_CONVERSION = YES;
				GCC_WARN_ABOUT_RETURN_TYPE = YES_ERROR;
				GCC_WARN_UNDECLARED_SELECTOR = YES;
				GCC_WARN_UNINITIALIZED_AUTOS = YES_AGGRESSIVE;
				GCC_WARN_UNUSED_FUNCTION = YES;
				GCC_WARN_UNUSED_VARIABLE = YES;
				IPHONEOS_DEPLOYMENT_TARGET = 12.1;
				MTL_ENABLE_DEBUG_INFO = NO;
				MTL_FAST_MATH = YES;
				SDKROOT = iphoneos;
				SWIFT_COMPILATION_MODE = wholemodule;
				SWIFT_OPTIMIZATION_LEVEL = "-O";
				VALIDATE_PRODUCT = YES;
			};
			name = Release;
		};
		FFBECA7D23F79B040099DF10 /* Debug */ = {
			isa = XCBuildConfiguration;
			buildSettings = {
				ASSETCATALOG_COMPILER_APPICON_NAME = AppIcon;
				CODE_SIGN_STYLE = Automatic;
				INFOPLIST_FILE = "Bitcoin Price Tracker/Info.plist";
				LD_RUNPATH_SEARCH_PATHS = (
					"$(inherited)",
					"@executable_path/Frameworks",
				);
				PRODUCT_BUNDLE_IDENTIFIER = "com.AileenBull.Bitcoin-Price-Tracker";
				PRODUCT_NAME = "$(TARGET_NAME)";
				SWIFT_VERSION = 4.2;
				TARGETED_DEVICE_FAMILY = "1,2";
			};
			name = Debug;
		};
		FFBECA7E23F79B040099DF10 /* Release */ = {
			isa = XCBuildConfiguration;
			buildSettings = {
				ASSETCATALOG_COMPILER_APPICON_NAME = AppIcon;
				CODE_SIGN_STYLE = Automatic;
				INFOPLIST_FILE = "Bitcoin Price Tracker/Info.plist";
				LD_RUNPATH_SEARCH_PATHS = (
					"$(inherited)",
					"@executable_path/Frameworks",
				);
				PRODUCT_BUNDLE_IDENTIFIER = "com.AileenBull.Bitcoin-Price-Tracker";
				PRODUCT_NAME = "$(TARGET_NAME)";
				SWIFT_VERSION = 4.2;
				TARGETED_DEVICE_FAMILY = "1,2";
			};
			name = Release;
		};
/* End XCBuildConfiguration section */

/* Begin XCConfigurationList section */
		FFBECA6223F79B020099DF10 /* Build configuration list for PBXProject "Bitcoin Price Tracker" */ = {
			isa = XCConfigurationList;
			buildConfigurations = (
				FFBECA7A23F79B040099DF10 /* Debug */,
				FFBECA7B23F79B040099DF10 /* Release */,
			);
			defaultConfigurationIsVisible = 0;
			defaultConfigurationName = Release;
		};
		FFBECA7C23F79B040099DF10 /* Build configuration list for PBXNativeTarget "Bitcoin Price Tracker" */ = {
			isa = XCConfigurationList;
			buildConfigurations = (
				FFBECA7D23F79B040099DF10 /* Debug */,
				FFBECA7E23F79B040099DF10 /* Release */,
			);
			defaultConfigurationIsVisible = 0;
			defaultConfigurationName = Release;
		};
/* End XCConfigurationList section */

/* Begin XCVersionGroup section */
		FFBECA7123F79B020099DF10 /* Bitcoin_Price_Tracker.xcdatamodeld */ = {
			isa = XCVersionGroup;
			children = (
				FFBECA7223F79B020099DF10 /* Bitcoin_Price_Tracker.xcdatamodel */,
			);
			currentVersion = FFBECA7223F79B020099DF10 /* Bitcoin_Price_Tracker.xcdatamodel */;
			path = Bitcoin_Price_Tracker.xcdatamodeld;
			sourceTree = "<group>";
			versionGroupType = wrapper.xcdatamodel;
		};
/* End XCVersionGroup section */
	};
	rootObject = FFBECA5F23F79B020099DF10 /* Project object */;
}
